// !$*UTF8*$!
{
	archiveVersion = 1;
	classes = {
	};
	objectVersion = 56;
	objects = {

/* Begin PBXBuildFile section */
		25336E982B8E5C0800C3D360 /* AppDelegate.swift in Sources */ = {isa = PBXBuildFile; fileRef = 25336E972B8E5C0800C3D360 /* AppDelegate.swift */; };
		25336E9A2B8E5C0800C3D360 /* SceneDelegate.swift in Sources */ = {isa = PBXBuildFile; fileRef = 25336E992B8E5C0800C3D360 /* SceneDelegate.swift */; };
		25336E9C2B8E5C0800C3D360 /* MainTabBarViewController.swift in Sources */ = {isa = PBXBuildFile; fileRef = 25336E9B2B8E5C0800C3D360 /* MainTabBarViewController.swift */; };
		25336EA12B8E5C0900C3D360 /* Assets.xcassets in Resources */ = {isa = PBXBuildFile; fileRef = 25336EA02B8E5C0900C3D360 /* Assets.xcassets */; };
		25336EA42B8E5C0900C3D360 /* LaunchScreen.storyboard in Resources */ = {isa = PBXBuildFile; fileRef = 25336EA22B8E5C0900C3D360 /* LaunchScreen.storyboard */; };
		2536881E2B8F17F500A15A4F /* HomeViewController.swift in Sources */ = {isa = PBXBuildFile; fileRef = 2536881D2B8F17F500A15A4F /* HomeViewController.swift */; };
		253688212B8F19A500A15A4F /* UpcomingViewController.swift in Sources */ = {isa = PBXBuildFile; fileRef = 253688202B8F19A500A15A4F /* UpcomingViewController.swift */; };
		253688232B8F19BA00A15A4F /* SearchViewController.swift in Sources */ = {isa = PBXBuildFile; fileRef = 253688222B8F19BA00A15A4F /* SearchViewController.swift */; };
		253688252B8F19D500A15A4F /* DownloadsViewController.swift in Sources */ = {isa = PBXBuildFile; fileRef = 253688242B8F19D500A15A4F /* DownloadsViewController.swift */; };
		25432F7C2B93049700D2CEFE /* TitleCollectionViewCell.swift in Sources */ = {isa = PBXBuildFile; fileRef = 25432F7B2B93049700D2CEFE /* TitleCollectionViewCell.swift */; };
		25432F7F2B93062E00D2CEFE /* SDWebImage in Frameworks */ = {isa = PBXBuildFile; productRef = 25432F7E2B93062E00D2CEFE /* SDWebImage */; };
		25432F812B93062E00D2CEFE /* SDWebImageMapKit in Frameworks */ = {isa = PBXBuildFile; productRef = 25432F802B93062E00D2CEFE /* SDWebImageMapKit */; };
		2598C7A82B920ECA00E5A605 /* Constant.swift in Sources */ = {isa = PBXBuildFile; fileRef = 2598C7A72B920ECA00E5A605 /* Constant.swift */; };
		2598C7AA2B920EE500E5A605 /* Constant+API.swift in Sources */ = {isa = PBXBuildFile; fileRef = 2598C7A92B920EE500E5A605 /* Constant+API.swift */; };
		2598C7AF2B92136D00E5A605 /* Endpoint.swift in Sources */ = {isa = PBXBuildFile; fileRef = 2598C7AE2B92136D00E5A605 /* Endpoint.swift */; };
		2598C7B12B92137700E5A605 /* HTTPClient.swift in Sources */ = {isa = PBXBuildFile; fileRef = 2598C7B02B92137700E5A605 /* HTTPClient.swift */; };
		2598C7B32B92138400E5A605 /* HTTPMethod.swift in Sources */ = {isa = PBXBuildFile; fileRef = 2598C7B22B92138400E5A605 /* HTTPMethod.swift */; };
		2598C7B52B92138E00E5A605 /* RequestError.swift in Sources */ = {isa = PBXBuildFile; fileRef = 2598C7B42B92138E00E5A605 /* RequestError.swift */; };
		2598C7B82B92147E00E5A605 /* MoviesEndpoint.swift in Sources */ = {isa = PBXBuildFile; fileRef = 2598C7B72B92147E00E5A605 /* MoviesEndpoint.swift */; };
		2598C7BC2B9214DD00E5A605 /* MoviesService.swift in Sources */ = {isa = PBXBuildFile; fileRef = 2598C7BB2B9214DD00E5A605 /* MoviesService.swift */; };
		2598C7BE2B92150100E5A605 /* TopRatedModel.swift in Sources */ = {isa = PBXBuildFile; fileRef = 2598C7BD2B92150100E5A605 /* TopRatedModel.swift */; };
		2598C7C02B92151400E5A605 /* MovieModel.swift in Sources */ = {isa = PBXBuildFile; fileRef = 2598C7BF2B92151400E5A605 /* MovieModel.swift */; };
		25A273072B909D410055FA57 /* CollectionViewTableViewCell.swift in Sources */ = {isa = PBXBuildFile; fileRef = 25A273062B909D410055FA57 /* CollectionViewTableViewCell.swift */; };
		25AEA2BB2B90A52300B63B92 /* HeroHeaderUIView.swift in Sources */ = {isa = PBXBuildFile; fileRef = 25AEA2BA2B90A52300B63B92 /* HeroHeaderUIView.swift */; };
		25E682092B9332B500346310 /* SectionType.swift in Sources */ = {isa = PBXBuildFile; fileRef = 25E682082B9332B500346310 /* SectionType.swift */; };
/* End PBXBuildFile section */

/* Begin PBXFileReference section */
		25336E942B8E5C0800C3D360 /* NetflixClone.app */ = {isa = PBXFileReference; explicitFileType = wrapper.application; includeInIndex = 0; path = NetflixClone.app; sourceTree = BUILT_PRODUCTS_DIR; };
		25336E972B8E5C0800C3D360 /* AppDelegate.swift */ = {isa = PBXFileReference; lastKnownFileType = sourcecode.swift; path = AppDelegate.swift; sourceTree = "<group>"; };
		25336E992B8E5C0800C3D360 /* SceneDelegate.swift */ = {isa = PBXFileReference; lastKnownFileType = sourcecode.swift; path = SceneDelegate.swift; sourceTree = "<group>"; };
		25336E9B2B8E5C0800C3D360 /* MainTabBarViewController.swift */ = {isa = PBXFileReference; lastKnownFileType = sourcecode.swift; path = MainTabBarViewController.swift; sourceTree = "<group>"; };
		25336EA02B8E5C0900C3D360 /* Assets.xcassets */ = {isa = PBXFileReference; lastKnownFileType = folder.assetcatalog; path = Assets.xcassets; sourceTree = "<group>"; };
		25336EA32B8E5C0900C3D360 /* Base */ = {isa = PBXFileReference; lastKnownFileType = file.storyboard; name = Base; path = Base.lproj/LaunchScreen.storyboard; sourceTree = "<group>"; };
		25336EA52B8E5C0900C3D360 /* Info.plist */ = {isa = PBXFileReference; lastKnownFileType = text.plist.xml; path = Info.plist; sourceTree = "<group>"; };
		2536881D2B8F17F500A15A4F /* HomeViewController.swift */ = {isa = PBXFileReference; lastKnownFileType = sourcecode.swift; path = HomeViewController.swift; sourceTree = "<group>"; };
		253688202B8F19A500A15A4F /* UpcomingViewController.swift */ = {isa = PBXFileReference; lastKnownFileType = sourcecode.swift; path = UpcomingViewController.swift; sourceTree = "<group>"; };
		253688222B8F19BA00A15A4F /* SearchViewController.swift */ = {isa = PBXFileReference; lastKnownFileType = sourcecode.swift; path = SearchViewController.swift; sourceTree = "<group>"; };
		253688242B8F19D500A15A4F /* DownloadsViewController.swift */ = {isa = PBXFileReference; lastKnownFileType = sourcecode.swift; path = DownloadsViewController.swift; sourceTree = "<group>"; };
		25432F7B2B93049700D2CEFE /* TitleCollectionViewCell.swift */ = {isa = PBXFileReference; lastKnownFileType = sourcecode.swift; path = TitleCollectionViewCell.swift; sourceTree = "<group>"; };
		2598C7A72B920ECA00E5A605 /* Constant.swift */ = {isa = PBXFileReference; lastKnownFileType = sourcecode.swift; path = Constant.swift; sourceTree = "<group>"; };
		2598C7A92B920EE500E5A605 /* Constant+API.swift */ = {isa = PBXFileReference; lastKnownFileType = sourcecode.swift; path = "Constant+API.swift"; sourceTree = "<group>"; };
		2598C7AE2B92136D00E5A605 /* Endpoint.swift */ = {isa = PBXFileReference; lastKnownFileType = sourcecode.swift; path = Endpoint.swift; sourceTree = "<group>"; };
		2598C7B02B92137700E5A605 /* HTTPClient.swift */ = {isa = PBXFileReference; lastKnownFileType = sourcecode.swift; path = HTTPClient.swift; sourceTree = "<group>"; };
		2598C7B22B92138400E5A605 /* HTTPMethod.swift */ = {isa = PBXFileReference; lastKnownFileType = sourcecode.swift; path = HTTPMethod.swift; sourceTree = "<group>"; };
		2598C7B42B92138E00E5A605 /* RequestError.swift */ = {isa = PBXFileReference; lastKnownFileType = sourcecode.swift; path = RequestError.swift; sourceTree = "<group>"; };
		2598C7B72B92147E00E5A605 /* MoviesEndpoint.swift */ = {isa = PBXFileReference; lastKnownFileType = sourcecode.swift; path = MoviesEndpoint.swift; sourceTree = "<group>"; };
		2598C7BB2B9214DD00E5A605 /* MoviesService.swift */ = {isa = PBXFileReference; lastKnownFileType = sourcecode.swift; path = MoviesService.swift; sourceTree = "<group>"; };
		2598C7BD2B92150100E5A605 /* TopRatedModel.swift */ = {isa = PBXFileReference; lastKnownFileType = sourcecode.swift; path = TopRatedModel.swift; sourceTree = "<group>"; };
		2598C7BF2B92151400E5A605 /* MovieModel.swift */ = {isa = PBXFileReference; lastKnownFileType = sourcecode.swift; path = MovieModel.swift; sourceTree = "<group>"; };
		25A273062B909D410055FA57 /* CollectionViewTableViewCell.swift */ = {isa = PBXFileReference; lastKnownFileType = sourcecode.swift; path = CollectionViewTableViewCell.swift; sourceTree = "<group>"; };
		25AEA2BA2B90A52300B63B92 /* HeroHeaderUIView.swift */ = {isa = PBXFileReference; lastKnownFileType = sourcecode.swift; path = HeroHeaderUIView.swift; sourceTree = "<group>"; };
		25E682082B9332B500346310 /* SectionType.swift */ = {isa = PBXFileReference; lastKnownFileType = sourcecode.swift; path = SectionType.swift; sourceTree = "<group>"; };
/* End PBXFileReference section */

/* Begin PBXFrameworksBuildPhase section */
		25336E912B8E5C0800C3D360 /* Frameworks */ = {
			isa = PBXFrameworksBuildPhase;
			buildActionMask = 2147483647;
			files = (
				25432F812B93062E00D2CEFE /* SDWebImageMapKit in Frameworks */,
				25432F7F2B93062E00D2CEFE /* SDWebImage in Frameworks */,
			);
			runOnlyForDeploymentPostprocessing = 0;
		};
/* End PBXFrameworksBuildPhase section */

/* Begin PBXGroup section */
		25336E8B2B8E5C0800C3D360 = {
			isa = PBXGroup;
			children = (
				25336E962B8E5C0800C3D360 /* NetflixClone */,
				25336E952B8E5C0800C3D360 /* Products */,
			);
			sourceTree = "<group>";
		};
		25336E952B8E5C0800C3D360 /* Products */ = {
			isa = PBXGroup;
			children = (
				25336E942B8E5C0800C3D360 /* NetflixClone.app */,
			);
			name = Products;
			sourceTree = "<group>";
		};
		25336E962B8E5C0800C3D360 /* NetflixClone */ = {
			isa = PBXGroup;
			children = (
				25336E972B8E5C0800C3D360 /* AppDelegate.swift */,
				25336EA02B8E5C0900C3D360 /* Assets.xcassets */,
				2536881C2B8F17E000A15A4F /* Controllers */,
				25336EA52B8E5C0900C3D360 /* Info.plist */,
				25336EA22B8E5C0900C3D360 /* LaunchScreen.storyboard */,
				25336E9B2B8E5C0800C3D360 /* MainTabBarViewController.swift */,
				25A273052B909D1F0055FA57 /* Managers */,
				25A273032B909D090055FA57 /* Models */,
				25A273042B909D180055FA57 /* Resources */,
				25336E992B8E5C0800C3D360 /* SceneDelegate.swift */,
				2598C7A52B920EBB00E5A605 /* Utilities */,
				25A273012B909CF20055FA57 /* ViewModels */,
				25A273002B909CE80055FA57 /* Views */,
			);
			path = NetflixClone;
			sourceTree = "<group>";
		};
		2536881C2B8F17E000A15A4F /* Controllers */ = {
			isa = PBXGroup;
			children = (
				253688242B8F19D500A15A4F /* DownloadsViewController.swift */,
				2536881D2B8F17F500A15A4F /* HomeViewController.swift */,
				253688222B8F19BA00A15A4F /* SearchViewController.swift */,
				253688202B8F19A500A15A4F /* UpcomingViewController.swift */,
			);
			path = Controllers;
			sourceTree = "<group>";
		};
		25432F852B9309B900D2CEFE /* Movie */ = {
			isa = PBXGroup;
			children = (
				2598C7BF2B92151400E5A605 /* MovieModel.swift */,
				2598C7BD2B92150100E5A605 /* TopRatedModel.swift */,
			);
			path = Movie;
			sourceTree = "<group>";
		};
		2598C7A52B920EBB00E5A605 /* Utilities */ = {
			isa = PBXGroup;
			children = (
				2598C7A62B920EC000E5A605 /* Constants */,
				25E682072B9332A700346310 /* Enum */,
			);
			path = Utilities;
			sourceTree = "<group>";
		};
		2598C7A62B920EC000E5A605 /* Constants */ = {
			isa = PBXGroup;
			children = (
				2598C7A72B920ECA00E5A605 /* Constant.swift */,
				2598C7A92B920EE500E5A605 /* Constant+API.swift */,
			);
			path = Constants;
			sourceTree = "<group>";
		};
		2598C7AC2B92135200E5A605 /* Network */ = {
			isa = PBXGroup;
			children = (
				2598C7BA2B9214D400E5A605 /* Service */,
				2598C7B62B92146700E5A605 /* Endpoints */,
				2598C7AD2B92135A00E5A605 /* Base */,
			);
			path = Network;
			sourceTree = "<group>";
		};
		2598C7AD2B92135A00E5A605 /* Base */ = {
			isa = PBXGroup;
			children = (
				2598C7AE2B92136D00E5A605 /* Endpoint.swift */,
				2598C7B02B92137700E5A605 /* HTTPClient.swift */,
				2598C7B22B92138400E5A605 /* HTTPMethod.swift */,
				2598C7B42B92138E00E5A605 /* RequestError.swift */,
			);
			path = Base;
			sourceTree = "<group>";
		};
		2598C7B62B92146700E5A605 /* Endpoints */ = {
			isa = PBXGroup;
			children = (
				2598C7B72B92147E00E5A605 /* MoviesEndpoint.swift */,
			);
			path = Endpoints;
			sourceTree = "<group>";
		};
		2598C7BA2B9214D400E5A605 /* Service */ = {
			isa = PBXGroup;
			children = (
				2598C7BB2B9214DD00E5A605 /* MoviesService.swift */,
			);
			path = Service;
			sourceTree = "<group>";
		};
		25A273002B909CE80055FA57 /* Views */ = {
			isa = PBXGroup;
			children = (
				25A273062B909D410055FA57 /* CollectionViewTableViewCell.swift */,
				25AEA2BA2B90A52300B63B92 /* HeroHeaderUIView.swift */,
				25432F7B2B93049700D2CEFE /* TitleCollectionViewCell.swift */,
			);
			path = Views;
			sourceTree = "<group>";
		};
		25A273012B909CF20055FA57 /* ViewModels */ = {
			isa = PBXGroup;
			children = (
			);
			path = ViewModels;
			sourceTree = "<group>";
		};
		25A273032B909D090055FA57 /* Models */ = {
			isa = PBXGroup;
			children = (
				25432F852B9309B900D2CEFE /* Movie */,
			);
			path = Models;
			sourceTree = "<group>";
		};
		25A273042B909D180055FA57 /* Resources */ = {
			isa = PBXGroup;
			children = (
			);
			path = Resources;
			sourceTree = "<group>";
		};
		25A273052B909D1F0055FA57 /* Managers */ = {
			isa = PBXGroup;
			children = (
				2598C7AC2B92135200E5A605 /* Network */,
			);
			path = Managers;
			sourceTree = "<group>";
		};
		25E682072B9332A700346310 /* Enum */ = {
			isa = PBXGroup;
			children = (
				25E682082B9332B500346310 /* SectionType.swift */,
			);
			path = Enum;
			sourceTree = "<group>";
		};
/* End PBXGroup section */

/* Begin PBXNativeTarget section */
		25336E932B8E5C0800C3D360 /* NetflixClone */ = {
			isa = PBXNativeTarget;
			buildConfigurationList = 25336EA82B8E5C0900C3D360 /* Build configuration list for PBXNativeTarget "NetflixClone" */;
			buildPhases = (
				25336E902B8E5C0800C3D360 /* Sources */,
				25336E912B8E5C0800C3D360 /* Frameworks */,
				25336E922B8E5C0800C3D360 /* Resources */,
				2536881F2B8F185100A15A4F /* Swiftlint */,
			);
			buildRules = (
			);
			dependencies = (
			);
			name = NetflixClone;
			packageProductDependencies = (
				25432F7E2B93062E00D2CEFE /* SDWebImage */,
				25432F802B93062E00D2CEFE /* SDWebImageMapKit */,
			);
			productName = NetflixClone;
			productReference = 25336E942B8E5C0800C3D360 /* NetflixClone.app */;
			productType = "com.apple.product-type.application";
		};
/* End PBXNativeTarget section */

/* Begin PBXProject section */
		25336E8C2B8E5C0800C3D360 /* Project object */ = {
			isa = PBXProject;
			attributes = {
				BuildIndependentTargetsInParallel = 1;
				LastSwiftUpdateCheck = 1520;
				LastUpgradeCheck = 1520;
				TargetAttributes = {
					25336E932B8E5C0800C3D360 = {
						CreatedOnToolsVersion = 15.2;
					};
				};
			};
			buildConfigurationList = 25336E8F2B8E5C0800C3D360 /* Build configuration list for PBXProject "NetflixClone" */;
			compatibilityVersion = "Xcode 14.0";
			developmentRegion = en;
			hasScannedForEncodings = 0;
			knownRegions = (
				en,
				Base,
			);
			mainGroup = 25336E8B2B8E5C0800C3D360;
			packageReferences = (
				25432F7D2B93062E00D2CEFE /* XCRemoteSwiftPackageReference "SDWebImage" */,
			);
			productRefGroup = 25336E952B8E5C0800C3D360 /* Products */;
			projectDirPath = "";
			projectRoot = "";
			targets = (
				25336E932B8E5C0800C3D360 /* NetflixClone */,
			);
		};
/* End PBXProject section */

/* Begin PBXResourcesBuildPhase section */
		25336E922B8E5C0800C3D360 /* Resources */ = {
			isa = PBXResourcesBuildPhase;
			buildActionMask = 2147483647;
			files = (
				25336EA42B8E5C0900C3D360 /* LaunchScreen.storyboard in Resources */,
				25336EA12B8E5C0900C3D360 /* Assets.xcassets in Resources */,
			);
			runOnlyForDeploymentPostprocessing = 0;
		};
/* End PBXResourcesBuildPhase section */

/* Begin PBXShellScriptBuildPhase section */
		2536881F2B8F185100A15A4F /* Swiftlint */ = {
			isa = PBXShellScriptBuildPhase;
			buildActionMask = 2147483647;
			files = (
			);
			inputFileListPaths = (
			);
			inputPaths = (
			);
			name = Swiftlint;
			outputFileListPaths = (
			);
			outputPaths = (
			);
			runOnlyForDeploymentPostprocessing = 0;
			shellPath = /bin/sh;
			shellScript = "if [[ \"$(uname -m)\" == arm64 ]]; then\n    export PATH=\"/opt/homebrew/bin:$PATH\"\nfi\n\nif which swiftlint > /dev/null; then\n  swiftlint --fix\nelse\n  echo \"warning: SwiftLint not installed, download from https://github.com/realm/SwiftLint\"\nfi\n";
		};
/* End PBXShellScriptBuildPhase section */

/* Begin PBXSourcesBuildPhase section */
		25336E902B8E5C0800C3D360 /* Sources */ = {
			isa = PBXSourcesBuildPhase;
			buildActionMask = 2147483647;
			files = (
				2598C7AA2B920EE500E5A605 /* Constant+API.swift in Sources */,
				253688232B8F19BA00A15A4F /* SearchViewController.swift in Sources */,
				2598C7BE2B92150100E5A605 /* TopRatedModel.swift in Sources */,
				25E682092B9332B500346310 /* SectionType.swift in Sources */,
				2598C7B32B92138400E5A605 /* HTTPMethod.swift in Sources */,
				2598C7B82B92147E00E5A605 /* MoviesEndpoint.swift in Sources */,
				2598C7B12B92137700E5A605 /* HTTPClient.swift in Sources */,
				25336E9C2B8E5C0800C3D360 /* MainTabBarViewController.swift in Sources */,
				25A273072B909D410055FA57 /* CollectionViewTableViewCell.swift in Sources */,
				2598C7C02B92151400E5A605 /* MovieModel.swift in Sources */,
				25AEA2BB2B90A52300B63B92 /* HeroHeaderUIView.swift in Sources */,
				253688252B8F19D500A15A4F /* DownloadsViewController.swift in Sources */,
				25336E982B8E5C0800C3D360 /* AppDelegate.swift in Sources */,
				25336E9A2B8E5C0800C3D360 /* SceneDelegate.swift in Sources */,
				2598C7A82B920ECA00E5A605 /* Constant.swift in Sources */,
				2598C7B52B92138E00E5A605 /* RequestError.swift in Sources */,
				253688212B8F19A500A15A4F /* UpcomingViewController.swift in Sources */,
				2598C7BC2B9214DD00E5A605 /* MoviesService.swift in Sources */,
				25432F7C2B93049700D2CEFE /* TitleCollectionViewCell.swift in Sources */,
				2598C7AF2B92136D00E5A605 /* Endpoint.swift in Sources */,
				2536881E2B8F17F500A15A4F /* HomeViewController.swift in Sources */,
			);
			runOnlyForDeploymentPostprocessing = 0;
		};
/* End PBXSourcesBuildPhase section */

/* Begin PBXVariantGroup section */
		25336EA22B8E5C0900C3D360 /* LaunchScreen.storyboard */ = {
			isa = PBXVariantGroup;
			children = (
				25336EA32B8E5C0900C3D360 /* Base */,
			);
			name = LaunchScreen.storyboard;
			sourceTree = "<group>";
		};
/* End PBXVariantGroup section */

/* Begin XCBuildConfiguration section */
		25336EA62B8E5C0900C3D360 /* Debug */ = {
			isa = XCBuildConfiguration;
			buildSettings = {
				ALWAYS_SEARCH_USER_PATHS = NO;
				ASSETCATALOG_COMPILER_GENERATE_SWIFT_ASSET_SYMBOL_EXTENSIONS = YES;
				CLANG_ANALYZER_NONNULL = YES;
				CLANG_ANALYZER_NUMBER_OBJECT_CONVERSION = YES_AGGRESSIVE;
				CLANG_CXX_LANGUAGE_STANDARD = "gnu++20";
				CLANG_ENABLE_MODULES = YES;
				CLANG_ENABLE_OBJC_ARC = YES;
				CLANG_ENABLE_OBJC_WEAK = YES;
				CLANG_WARN_BLOCK_CAPTURE_AUTORELEASING = YES;
				CLANG_WARN_BOOL_CONVERSION = YES;
				CLANG_WARN_COMMA = YES;
				CLANG_WARN_CONSTANT_CONVERSION = YES;
				CLANG_WARN_DEPRECATED_OBJC_IMPLEMENTATIONS = YES;
				CLANG_WARN_DIRECT_OBJC_ISA_USAGE = YES_ERROR;
				CLANG_WARN_DOCUMENTATION_COMMENTS = YES;
				CLANG_WARN_EMPTY_BODY = YES;
				CLANG_WARN_ENUM_CONVERSION = YES;
				CLANG_WARN_INFINITE_RECURSION = YES;
				CLANG_WARN_INT_CONVERSION = YES;
				CLANG_WARN_NON_LITERAL_NULL_CONVERSION = YES;
				CLANG_WARN_OBJC_IMPLICIT_RETAIN_SELF = YES;
				CLANG_WARN_OBJC_LITERAL_CONVERSION = YES;
				CLANG_WARN_OBJC_ROOT_CLASS = YES_ERROR;
				CLANG_WARN_QUOTED_INCLUDE_IN_FRAMEWORK_HEADER = YES;
				CLANG_WARN_RANGE_LOOP_ANALYSIS = YES;
				CLANG_WARN_STRICT_PROTOTYPES = YES;
				CLANG_WARN_SUSPICIOUS_MOVE = YES;
				CLANG_WARN_UNGUARDED_AVAILABILITY = YES_AGGRESSIVE;
				CLANG_WARN_UNREACHABLE_CODE = YES;
				CLANG_WARN__DUPLICATE_METHOD_MATCH = YES;
				COPY_PHASE_STRIP = NO;
				DEBUG_INFORMATION_FORMAT = dwarf;
				ENABLE_STRICT_OBJC_MSGSEND = YES;
				ENABLE_TESTABILITY = YES;
				ENABLE_USER_SCRIPT_SANDBOXING = YES;
				GCC_C_LANGUAGE_STANDARD = gnu17;
				GCC_DYNAMIC_NO_PIC = NO;
				GCC_NO_COMMON_BLOCKS = YES;
				GCC_OPTIMIZATION_LEVEL = 0;
				GCC_PREPROCESSOR_DEFINITIONS = (
					"DEBUG=1",
					"$(inherited)",
				);
				GCC_WARN_64_TO_32_BIT_CONVERSION = YES;
				GCC_WARN_ABOUT_RETURN_TYPE = YES_ERROR;
				GCC_WARN_UNDECLARED_SELECTOR = YES;
				GCC_WARN_UNINITIALIZED_AUTOS = YES_AGGRESSIVE;
				GCC_WARN_UNUSED_FUNCTION = YES;
				GCC_WARN_UNUSED_VARIABLE = YES;
				IPHONEOS_DEPLOYMENT_TARGET = 17.2;
				LOCALIZATION_PREFERS_STRING_CATALOGS = YES;
				MTL_ENABLE_DEBUG_INFO = INCLUDE_SOURCE;
				MTL_FAST_MATH = YES;
				ONLY_ACTIVE_ARCH = YES;
				SDKROOT = iphoneos;
				SWIFT_ACTIVE_COMPILATION_CONDITIONS = "DEBUG $(inherited)";
				SWIFT_OPTIMIZATION_LEVEL = "-Onone";
			};
			name = Debug;
		};
		25336EA72B8E5C0900C3D360 /* Release */ = {
			isa = XCBuildConfiguration;
			buildSettings = {
				ALWAYS_SEARCH_USER_PATHS = NO;
				ASSETCATALOG_COMPILER_GENERATE_SWIFT_ASSET_SYMBOL_EXTENSIONS = YES;
				CLANG_ANALYZER_NONNULL = YES;
				CLANG_ANALYZER_NUMBER_OBJECT_CONVERSION = YES_AGGRESSIVE;
				CLANG_CXX_LANGUAGE_STANDARD = "gnu++20";
				CLANG_ENABLE_MODULES = YES;
				CLANG_ENABLE_OBJC_ARC = YES;
				CLANG_ENABLE_OBJC_WEAK = YES;
				CLANG_WARN_BLOCK_CAPTURE_AUTORELEASING = YES;
				CLANG_WARN_BOOL_CONVERSION = YES;
				CLANG_WARN_COMMA = YES;
				CLANG_WARN_CONSTANT_CONVERSION = YES;
				CLANG_WARN_DEPRECATED_OBJC_IMPLEMENTATIONS = YES;
				CLANG_WARN_DIRECT_OBJC_ISA_USAGE = YES_ERROR;
				CLANG_WARN_DOCUMENTATION_COMMENTS = YES;
				CLANG_WARN_EMPTY_BODY = YES;
				CLANG_WARN_ENUM_CONVERSION = YES;
				CLANG_WARN_INFINITE_RECURSION = YES;
				CLANG_WARN_INT_CONVERSION = YES;
				CLANG_WARN_NON_LITERAL_NULL_CONVERSION = YES;
				CLANG_WARN_OBJC_IMPLICIT_RETAIN_SELF = YES;
				CLANG_WARN_OBJC_LITERAL_CONVERSION = YES;
				CLANG_WARN_OBJC_ROOT_CLASS = YES_ERROR;
				CLANG_WARN_QUOTED_INCLUDE_IN_FRAMEWORK_HEADER = YES;
				CLANG_WARN_RANGE_LOOP_ANALYSIS = YES;
				CLANG_WARN_STRICT_PROTOTYPES = YES;
				CLANG_WARN_SUSPICIOUS_MOVE = YES;
				CLANG_WARN_UNGUARDED_AVAILABILITY = YES_AGGRESSIVE;
				CLANG_WARN_UNREACHABLE_CODE = YES;
				CLANG_WARN__DUPLICATE_METHOD_MATCH = YES;
				COPY_PHASE_STRIP = NO;
				DEBUG_INFORMATION_FORMAT = "dwarf-with-dsym";
				ENABLE_NS_ASSERTIONS = NO;
				ENABLE_STRICT_OBJC_MSGSEND = YES;
				ENABLE_USER_SCRIPT_SANDBOXING = YES;
				GCC_C_LANGUAGE_STANDARD = gnu17;
				GCC_NO_COMMON_BLOCKS = YES;
				GCC_WARN_64_TO_32_BIT_CONVERSION = YES;
				GCC_WARN_ABOUT_RETURN_TYPE = YES_ERROR;
				GCC_WARN_UNDECLARED_SELECTOR = YES;
				GCC_WARN_UNINITIALIZED_AUTOS = YES_AGGRESSIVE;
				GCC_WARN_UNUSED_FUNCTION = YES;
				GCC_WARN_UNUSED_VARIABLE = YES;
				IPHONEOS_DEPLOYMENT_TARGET = 17.2;
				LOCALIZATION_PREFERS_STRING_CATALOGS = YES;
				MTL_ENABLE_DEBUG_INFO = NO;
				MTL_FAST_MATH = YES;
				SDKROOT = iphoneos;
				SWIFT_COMPILATION_MODE = wholemodule;
				VALIDATE_PRODUCT = YES;
			};
			name = Release;
		};
		25336EA92B8E5C0900C3D360 /* Debug */ = {
			isa = XCBuildConfiguration;
			buildSettings = {
				ASSETCATALOG_COMPILER_APPICON_NAME = AppIcon;
				ASSETCATALOG_COMPILER_GLOBAL_ACCENT_COLOR_NAME = AccentColor;
				CODE_SIGN_STYLE = Automatic;
				CURRENT_PROJECT_VERSION = 1;
				DEVELOPMENT_TEAM = A3V5ANT942;
				ENABLE_USER_SCRIPT_SANDBOXING = NO;
				GENERATE_INFOPLIST_FILE = YES;
				INFOPLIST_FILE = NetflixClone/Info.plist;
				INFOPLIST_KEY_UIApplicationSupportsIndirectInputEvents = YES;
				INFOPLIST_KEY_UILaunchStoryboardName = LaunchScreen;
				INFOPLIST_KEY_UISupportedInterfaceOrientations_iPad = "UIInterfaceOrientationPortrait UIInterfaceOrientationPortraitUpsideDown UIInterfaceOrientationLandscapeLeft UIInterfaceOrientationLandscapeRight";
				INFOPLIST_KEY_UISupportedInterfaceOrientations_iPhone = "UIInterfaceOrientationPortrait UIInterfaceOrientationLandscapeLeft UIInterfaceOrientationLandscapeRight";
				LD_RUNPATH_SEARCH_PATHS = (
					"$(inherited)",
					"@executable_path/Frameworks",
				);
				MARKETING_VERSION = 1.0;
				PRODUCT_BUNDLE_IDENTIFIER = com.omersanli.NetflixClone;
				PRODUCT_NAME = "$(TARGET_NAME)";
				SWIFT_EMIT_LOC_STRINGS = YES;
				SWIFT_VERSION = 5.0;
				TARGETED_DEVICE_FAMILY = "1,2";
			};
			name = Debug;
		};
		25336EAA2B8E5C0900C3D360 /* Release */ = {
			isa = XCBuildConfiguration;
			buildSettings = {
				ASSETCATALOG_COMPILER_APPICON_NAME = AppIcon;
				ASSETCATALOG_COMPILER_GLOBAL_ACCENT_COLOR_NAME = AccentColor;
				CODE_SIGN_STYLE = Automatic;
				CURRENT_PROJECT_VERSION = 1;
				DEVELOPMENT_TEAM = A3V5ANT942;
				ENABLE_USER_SCRIPT_SANDBOXING = NO;
				GENERATE_INFOPLIST_FILE = YES;
				INFOPLIST_FILE = NetflixClone/Info.plist;
				INFOPLIST_KEY_UIApplicationSupportsIndirectInputEvents = YES;
				INFOPLIST_KEY_UILaunchStoryboardName = LaunchScreen;
				INFOPLIST_KEY_UISupportedInterfaceOrientations_iPad = "UIInterfaceOrientationPortrait UIInterfaceOrientationPortraitUpsideDown UIInterfaceOrientationLandscapeLeft UIInterfaceOrientationLandscapeRight";
				INFOPLIST_KEY_UISupportedInterfaceOrientations_iPhone = "UIInterfaceOrientationPortrait UIInterfaceOrientationLandscapeLeft UIInterfaceOrientationLandscapeRight";
				LD_RUNPATH_SEARCH_PATHS = (
					"$(inherited)",
					"@executable_path/Frameworks",
				);
				MARKETING_VERSION = 1.0;
				PRODUCT_BUNDLE_IDENTIFIER = com.omersanli.NetflixClone;
				PRODUCT_NAME = "$(TARGET_NAME)";
				SWIFT_EMIT_LOC_STRINGS = YES;
				SWIFT_VERSION = 5.0;
				TARGETED_DEVICE_FAMILY = "1,2";
			};
			name = Release;
		};
/* End XCBuildConfiguration section */

/* Begin XCConfigurationList section */
		25336E8F2B8E5C0800C3D360 /* Build configuration list for PBXProject "NetflixClone" */ = {
			isa = XCConfigurationList;
			buildConfigurations = (
				25336EA62B8E5C0900C3D360 /* Debug */,
				25336EA72B8E5C0900C3D360 /* Release */,
			);
			defaultConfigurationIsVisible = 0;
			defaultConfigurationName = Release;
		};
		25336EA82B8E5C0900C3D360 /* Build configuration list for PBXNativeTarget "NetflixClone" */ = {
			isa = XCConfigurationList;
			buildConfigurations = (
				25336EA92B8E5C0900C3D360 /* Debug */,
				25336EAA2B8E5C0900C3D360 /* Release */,
			);
			defaultConfigurationIsVisible = 0;
			defaultConfigurationName = Release;
		};
/* End XCConfigurationList section */

/* Begin XCRemoteSwiftPackageReference section */
		25432F7D2B93062E00D2CEFE /* XCRemoteSwiftPackageReference "SDWebImage" */ = {
			isa = XCRemoteSwiftPackageReference;
			repositoryURL = "https://github.com/SDWebImage/SDWebImage.git";
			requirement = {
				kind = upToNextMajorVersion;
				minimumVersion = 5.19.0;
			};
		};
/* End XCRemoteSwiftPackageReference section */

/* Begin XCSwiftPackageProductDependency section */
		25432F7E2B93062E00D2CEFE /* SDWebImage */ = {
			isa = XCSwiftPackageProductDependency;
			package = 25432F7D2B93062E00D2CEFE /* XCRemoteSwiftPackageReference "SDWebImage" */;
			productName = SDWebImage;
		};
		25432F802B93062E00D2CEFE /* SDWebImageMapKit */ = {
			isa = XCSwiftPackageProductDependency;
			package = 25432F7D2B93062E00D2CEFE /* XCRemoteSwiftPackageReference "SDWebImage" */;
			productName = SDWebImageMapKit;
		};
/* End XCSwiftPackageProductDependency section */
	};
	rootObject = 25336E8C2B8E5C0800C3D360 /* Project object */;
}
